{
  "version": 4,
  "terraform_version": "1.7.5",
  "serial": 4,
  "lineage": "92717777-ecda-4c5c-b662-0402cbfa05a7",
  "outputs": {
    "server_public_dns": {
      "value": "ec2-18-212-86-58.compute-1.amazonaws.com",
      "type": "string"
    },
    "server_public_ip": {
      "value": "18.212.86.58",
      "type": "string"
    }
  },
  "resources": [
    {
      "mode": "managed",
      "type": "aws_instance",
      "name": "nginx-server",
      "provider": "provider[\"registry.terraform.io/hashicorp/aws\"]",
      "instances": [
        {
          "schema_version": 1,
          "attributes": {
            "ami": "ami-0bb84b8ffd87024d8",
            "arn": "arn:aws:ec2:us-east-1:654654363675:instance/i-07a5ad8544efa3af1",
            "associate_public_ip_address": true,
            "availability_zone": "us-east-1c",
            "capacity_reservation_specification": [
              {
                "capacity_reservation_preference": "open",
                "capacity_reservation_target": []
              }
            ],
            "cpu_core_count": 1,
            "cpu_threads_per_core": 1,
            "credit_specification": [
              {
                "cpu_credits": "standard"
              }
            ],
            "disable_api_termination": false,
            "ebs_block_device": [],
            "ebs_optimized": false,
            "enclave_options": [
              {
                "enabled": false
              }
            ],
            "ephemeral_block_device": [],
            "get_password_data": false,
            "hibernation": false,
            "host_id": null,
            "iam_instance_profile": "",
            "id": "i-07a5ad8544efa3af1",
            "instance_initiated_shutdown_behavior": "stop",
            "instance_state": "running",
            "instance_type": "t2.micro",
            "ipv6_address_count": 0,
            "ipv6_addresses": [],
            "key_name": "nginx-server-ssh",
            "launch_template": [],
            "metadata_options": [
              {
                "http_endpoint": "enabled",
                "http_put_response_hop_limit": 2,
                "http_tokens": "required"
              }
            ],
            "monitoring": false,
            "network_interface": [],
            "outpost_arn": "",
            "password_data": "",
            "placement_group": "",
            "primary_network_interface_id": "eni-0b6f28b76c23a28be",
            "private_dns": "ip-172-31-28-198.ec2.internal",
            "private_ip": "172.31.28.198",
            "public_dns": "ec2-18-212-86-58.compute-1.amazonaws.com",
            "public_ip": "18.212.86.58",
            "root_block_device": [
              {
                "delete_on_termination": true,
                "device_name": "/dev/xvda",
                "encrypted": false,
                "iops": 3000,
                "kms_key_id": "",
                "tags": {},
                "throughput": 125,
                "volume_id": "vol-05073d5dd294e3a55",
                "volume_size": 8,
                "volume_type": "gp3"
              }
            ],
            "secondary_private_ips": [],
            "security_groups": [
              "nginx-server-sg"
            ],
            "source_dest_check": true,
            "subnet_id": "subnet-0a1be82ee2ed9b82b",
            "tags": {
              "Environment": "dev",
              "Name": "nginx-server",
              "Owner": "guecha",
              "Project": "nginx-server",
              "Team": "devops"
            },
            "tags_all": {
              "Environment": "dev",
              "Name": "nginx-server",
              "Owner": "guecha",
              "Project": "nginx-server",
              "Team": "devops"
            },
            "tenancy": "default",
            "timeouts": null,
            "user_data": "17c19647ab17cde760a2b4463a9826c8d34a7bf2",
            "user_data_base64": null,
            "volume_tags": null,
            "vpc_security_group_ids": [
              "sg-0d93df4618a13e667"
            ]
          },
          "sensitive_attributes": [],
          "private": "eyJlMmJmYjczMC1lY2FhLTExZTYtOGY4OC0zNDM2M2JjN2M0YzAiOnsiY3JlYXRlIjo2MDAwMDAwMDAwMDAsImRlbGV0ZSI6MTIwMDAwMDAwMDAwMCwidXBkYXRlIjo2MDAwMDAwMDAwMDB9LCJzY2hlbWFfdmVyc2lvbiI6IjEifQ==",
          "dependencies": [
            "aws_key_pair.nginx-server-ssh",
            "aws_security_group.nginx-server-sg"
          ]
        }
      ]
    },
    {
      "mode": "managed",
      "type": "aws_key_pair",
      "name": "nginx-server-ssh",
      "provider": "provider[\"registry.terraform.io/hashicorp/aws\"]",
      "instances": [
        {
          "schema_version": 1,
          "attributes": {
            "arn": "arn:aws:ec2:us-east-1:654654363675:key-pair/nginx-server-ssh",
            "fingerprint": "b3:7b:2c:7f:18:30:4d:aa:ea:c3:7b:3c:82:0b:71:f3",
            "id": "nginx-server-ssh",
            "key_name": "nginx-server-ssh",
            "key_name_prefix": null,
            "key_pair_id": "key-0ee5ff38cd2b9fd19",
            "public_key": "ssh-rsa AAAAB3NzaC1yc2EAAAADAQABAAABgQC1aUKiM4vin6G6A0WyuyLR6v2SYYXiIAElubEndvVLP3Wk0+JUlyiiK+WwyK4+dnbOwpFtfW618SZ7xkBowHI2PDjC7NAaiAZHY8r0yJuuHYRuvnbk6l9US8f676V9kqxkUAiD31CvqbP91vL6EkQdGc2GHyJ91tXnjmdX/YioY3VympCLYUPJ3h84SZwTn2UAMo6a+k5LOkCmtD55pWVj8VVopxj5gzOfph0XvHqA66wZ3q2CkmgmMaajWc7tkKaiC0TYUPWrsUegCdRwKWxZ4/s0Llr6Nec2cpRadzOEpzPmejQr3jxX/IdiwFSgjtJ9Gl53mzO1zjojdUnVoulz5KhOsc+YDXzOjwhaYoMDXklXaY+TnXWfyEi6BG1QAjgQu1Trvjr1TE0D8+08NlgMAV/UH6yyfA5tAuCwm7Xr+zd++k5xmzm7FbkD38M1IDDHnLwFum/GRCeCd3kaaAeAmxAc6JHOVZVQ87zAFXTJn+a/q3bABpmka8tr1qfmbKM= elgue@Andres",
            "tags": {
              "Environment": "dev",
              "Name": "nginx-server-ssh",
              "Owner": "guecha",
              "Project": "nginx-server",
              "Team": "devops"
            },
            "tags_all": {
              "Environment": "dev",
              "Name": "nginx-server-ssh",
              "Owner": "guecha",
              "Project": "nginx-server",
              "Team": "devops"
            }
          },
          "sensitive_attributes": [],
          "private": "eyJzY2hlbWFfdmVyc2lvbiI6IjEifQ=="
        }
      ]
    },
    {
      "mode": "managed",
      "type": "aws_security_group",
      "name": "nginx-server-sg",
      "provider": "provider[\"registry.terraform.io/hashicorp/aws\"]",
      "instances": [
        {
          "schema_version": 1,
          "attributes": {
            "arn": "arn:aws:ec2:us-east-1:654654363675:security-group/sg-0d93df4618a13e667",
            "description": "Allow inbound traffic ssh and http",
            "egress": [
              {
                "cidr_blocks": [
                  "0.0.0.0/0"
                ],
                "description": "",
                "from_port": 0,
                "ipv6_cidr_blocks": [],
                "prefix_list_ids": [],
                "protocol": "-1",
                "security_groups": [],
                "self": false,
                "to_port": 0
              }
            ],
            "id": "sg-0d93df4618a13e667",
            "ingress": [
              {
                "cidr_blocks": [
                  "0.0.0.0/0"
                ],
                "description": "",
                "from_port": 22,
                "ipv6_cidr_blocks": [],
                "prefix_list_ids": [],
                "protocol": "tcp",
                "security_groups": [],
                "self": false,
                "to_port": 22
              },
              {
                "cidr_blocks": [
                  "0.0.0.0/0"
                ],
                "description": "",
                "from_port": 80,
                "ipv6_cidr_blocks": [],
                "prefix_list_ids": [],
                "protocol": "tcp",
                "security_groups": [],
                "self": false,
                "to_port": 80
              }
            ],
            "name": "nginx-server-sg",
            "name_prefix": "",
            "owner_id": "654654363675",
            "revoke_rules_on_delete": false,
            "tags": {
              "Environment": "dev",
              "Name": "nginx-server-sg",
              "Owner": "guecha",
              "Project": "nginx-server",
              "Team": "devops"
            },
            "tags_all": {
              "Environment": "dev",
              "Name": "nginx-server-sg",
              "Owner": "guecha",
              "Project": "nginx-server",
              "Team": "devops"
            },
            "timeouts": null,
            "vpc_id": "vpc-091564f5e6f94b60a"
          },
          "sensitive_attributes": [],
          "private": "eyJlMmJmYjczMC1lY2FhLTExZTYtOGY4OC0zNDM2M2JjN2M0YzAiOnsiY3JlYXRlIjo2MDAwMDAwMDAwMDAsImRlbGV0ZSI6OTAwMDAwMDAwMDAwfSwic2NoZW1hX3ZlcnNpb24iOiIxIn0="
        }
      ]
    }
  ],
  "check_results": null
}
